
Microsoft Visual Studio Solution File, Format Version 12.00
# Visual Studio Version 17
VisualStudioVersion = 17.2.32516.85
MinimumVisualStudioVersion = 10.0.40219.1
Project("{9A19103F-16F7-4668-BE54-9A1E7A4F7556}") = "AlgoExpert.TwoNumberSum", "AlgoExpert.TwoNumberSum\AlgoExpert.TwoNumberSum.csproj", "{99016896-4DD6-4992-9203-D280921C63BF}"
EndProject
Project("{9A19103F-16F7-4668-BE54-9A1E7A4F7556}") = "AlgoExpert.RemoveDuplicatesFromLinkedList", "AlgoExpert.RemoveDuplicatesFromLinkedList\AlgoExpert.RemoveDuplicatesFromLinkedList.csproj", "{79173FAF-11BD-4C54-929D-38A68F63ED7D}"
EndProject
Project("{9A19103F-16F7-4668-BE54-9A1E7A4F7556}") = "AlgoExpert.ReverseLinkedList", "AlgoExpert.ReverseLinkedList\AlgoExpert.ReverseLinkedList.csproj", "{A9BC105A-26D5-4124-8C89-621653816558}"
EndProject
Project("{9A19103F-16F7-4668-BE54-9A1E7A4F7556}") = "MergeLinkedLists", "MergeLinkedLists\MergeLinkedLists.csproj", "{34B088FF-2AA9-47A5-A795-0EB60BD29673}"
EndProject
Project("{9A19103F-16F7-4668-BE54-9A1E7A4F7556}") = "AlgoExpert.BinarySearch", "AlgoExpert.BinarySearch\AlgoExpert.BinarySearch.csproj", "{7E580224-E6D6-4B85-9A85-FB4C36BE00EB}"
EndProject
Project("{9A19103F-16F7-4668-BE54-9A1E7A4F7556}") = "AlgoExpert.HeightBalancedBinaryTree", "AlgoExpert.HeightBalancedBinaryTree\AlgoExpert.HeightBalancedBinaryTree.csproj", "{77CFD9BA-9C6A-4BE8-A38E-A6780976B8B3}"
EndProject
Project("{9A19103F-16F7-4668-BE54-9A1E7A4F7556}") = "AlgoExpert.InvertBinaryTree", "AlgoExpert.InvertBinaryTree\AlgoExpert.InvertBinaryTree.csproj", "{23894BA8-EEAB-4FE1-A2B7-8948DE22D0D1}"
EndProject
Project("{9A19103F-16F7-4668-BE54-9A1E7A4F7556}") = "AlgoExpert.MinHeapConstruction", "AlgoExpert.MinHeapConstruction\AlgoExpert.MinHeapConstruction.csproj", "{CA98E290-7045-4E9B-8A6C-DE53B25415E1}"
EndProject
Project("{9A19103F-16F7-4668-BE54-9A1E7A4F7556}") = "AlgoExpert.SortedSquaredArray", "AlgoExpert.SortedSquaredArray\AlgoExpert.SortedSquaredArray.csproj", "{924C88DD-7621-48C2-9C79-98929B3E10C7}"
EndProject
Project("{9A19103F-16F7-4668-BE54-9A1E7A4F7556}") = "AlgoExpert.ArrayOfProducts", "AlgoExpert.ArrayOfProducts\AlgoExpert.ArrayOfProducts.csproj", "{C2D320E5-5901-421A-B8BB-C5F137165CBC}"
EndProject
Project("{9A19103F-16F7-4668-BE54-9A1E7A4F7556}") = "AlgoExpert.MaxPathSumInBinaryTree", "AlgoExpert.MaxPathSumInBinaryTree\AlgoExpert.MaxPathSumInBinaryTree.csproj", "{CC7917A9-959E-4ACB-87A2-ED44A363C2B1}"
EndProject
Project("{9A19103F-16F7-4668-BE54-9A1E7A4F7556}") = "Hackerrank.DictionariesAndMaps", "Hackerrank.DictionariesAndMaps\Hackerrank.DictionariesAndMaps.csproj", "{7777D38C-008F-4FA1-9451-70BBCA4AE740}"
EndProject
Project("{FAE04EC0-301F-11D3-BF4B-00C04F79EFBC}") = "AlgoExpert.ValidateSubsequence", "AlgoExpert.ValidateSubsequence\AlgoExpert.ValidateSubsequence.csproj", "{767D8821-26B4-4A4E-87F3-126083EF8F6A}"
EndProject
Global
	GlobalSection(SolutionConfigurationPlatforms) = preSolution
		Debug|Any CPU = Debug|Any CPU
		Release|Any CPU = Release|Any CPU
	EndGlobalSection
	GlobalSection(ProjectConfigurationPlatforms) = postSolution
		{99016896-4DD6-4992-9203-D280921C63BF}.Debug|Any CPU.ActiveCfg = Debug|Any CPU
		{99016896-4DD6-4992-9203-D280921C63BF}.Debug|Any CPU.Build.0 = Debug|Any CPU
		{99016896-4DD6-4992-9203-D280921C63BF}.Release|Any CPU.ActiveCfg = Release|Any CPU
		{99016896-4DD6-4992-9203-D280921C63BF}.Release|Any CPU.Build.0 = Release|Any CPU
		{79173FAF-11BD-4C54-929D-38A68F63ED7D}.Debug|Any CPU.ActiveCfg = Debug|Any CPU
		{79173FAF-11BD-4C54-929D-38A68F63ED7D}.Debug|Any CPU.Build.0 = Debug|Any CPU
		{79173FAF-11BD-4C54-929D-38A68F63ED7D}.Release|Any CPU.ActiveCfg = Release|Any CPU
		{79173FAF-11BD-4C54-929D-38A68F63ED7D}.Release|Any CPU.Build.0 = Release|Any CPU
		{A9BC105A-26D5-4124-8C89-621653816558}.Debug|Any CPU.ActiveCfg = Debug|Any CPU
		{A9BC105A-26D5-4124-8C89-621653816558}.Debug|Any CPU.Build.0 = Debug|Any CPU
		{A9BC105A-26D5-4124-8C89-621653816558}.Release|Any CPU.ActiveCfg = Release|Any CPU
		{A9BC105A-26D5-4124-8C89-621653816558}.Release|Any CPU.Build.0 = Release|Any CPU
		{34B088FF-2AA9-47A5-A795-0EB60BD29673}.Debug|Any CPU.ActiveCfg = Debug|Any CPU
		{34B088FF-2AA9-47A5-A795-0EB60BD29673}.Debug|Any CPU.Build.0 = Debug|Any CPU
		{34B088FF-2AA9-47A5-A795-0EB60BD29673}.Release|Any CPU.ActiveCfg = Release|Any CPU
		{34B088FF-2AA9-47A5-A795-0EB60BD29673}.Release|Any CPU.Build.0 = Release|Any CPU
		{7E580224-E6D6-4B85-9A85-FB4C36BE00EB}.Debug|Any CPU.ActiveCfg = Debug|Any CPU
		{7E580224-E6D6-4B85-9A85-FB4C36BE00EB}.Debug|Any CPU.Build.0 = Debug|Any CPU
		{7E580224-E6D6-4B85-9A85-FB4C36BE00EB}.Release|Any CPU.ActiveCfg = Release|Any CPU
		{7E580224-E6D6-4B85-9A85-FB4C36BE00EB}.Release|Any CPU.Build.0 = Release|Any CPU
		{77CFD9BA-9C6A-4BE8-A38E-A6780976B8B3}.Debug|Any CPU.ActiveCfg = Debug|Any CPU
		{77CFD9BA-9C6A-4BE8-A38E-A6780976B8B3}.Debug|Any CPU.Build.0 = Debug|Any CPU
		{77CFD9BA-9C6A-4BE8-A38E-A6780976B8B3}.Release|Any CPU.ActiveCfg = Release|Any CPU
		{77CFD9BA-9C6A-4BE8-A38E-A6780976B8B3}.Release|Any CPU.Build.0 = Release|Any CPU
		{23894BA8-EEAB-4FE1-A2B7-8948DE22D0D1}.Debug|Any CPU.ActiveCfg = Debug|Any CPU
		{23894BA8-EEAB-4FE1-A2B7-8948DE22D0D1}.Debug|Any CPU.Build.0 = Debug|Any CPU
		{23894BA8-EEAB-4FE1-A2B7-8948DE22D0D1}.Release|Any CPU.ActiveCfg = Release|Any CPU
		{23894BA8-EEAB-4FE1-A2B7-8948DE22D0D1}.Release|Any CPU.Build.0 = Release|Any CPU
		{CA98E290-7045-4E9B-8A6C-DE53B25415E1}.Debug|Any CPU.ActiveCfg = Debug|Any CPU
		{CA98E290-7045-4E9B-8A6C-DE53B25415E1}.Debug|Any CPU.Build.0 = Debug|Any CPU
		{CA98E290-7045-4E9B-8A6C-DE53B25415E1}.Release|Any CPU.ActiveCfg = Release|Any CPU
		{CA98E290-7045-4E9B-8A6C-DE53B25415E1}.Release|Any CPU.Build.0 = Release|Any CPU
		{924C88DD-7621-48C2-9C79-98929B3E10C7}.Debug|Any CPU.ActiveCfg = Debug|Any CPU
		{924C88DD-7621-48C2-9C79-98929B3E10C7}.Debug|Any CPU.Build.0 = Debug|Any CPU
		{924C88DD-7621-48C2-9C79-98929B3E10C7}.Release|Any CPU.ActiveCfg = Release|Any CPU
		{924C88DD-7621-48C2-9C79-98929B3E10C7}.Release|Any CPU.Build.0 = Release|Any CPU
		{C2D320E5-5901-421A-B8BB-C5F137165CBC}.Debug|Any CPU.ActiveCfg = Debug|Any CPU
		{C2D320E5-5901-421A-B8BB-C5F137165CBC}.Debug|Any CPU.Build.0 = Debug|Any CPU
		{C2D320E5-5901-421A-B8BB-C5F137165CBC}.Release|Any CPU.ActiveCfg = Release|Any CPU
		{C2D320E5-5901-421A-B8BB-C5F137165CBC}.Release|Any CPU.Build.0 = Release|Any CPU
		{CC7917A9-959E-4ACB-87A2-ED44A363C2B1}.Debug|Any CPU.ActiveCfg = Debug|Any CPU
		{CC7917A9-959E-4ACB-87A2-ED44A363C2B1}.Debug|Any CPU.Build.0 = Debug|Any CPU
		{CC7917A9-959E-4ACB-87A2-ED44A363C2B1}.Release|Any CPU.ActiveCfg = Release|Any CPU
		{CC7917A9-959E-4ACB-87A2-ED44A363C2B1}.Release|Any CPU.Build.0 = Release|Any CPU
		{7777D38C-008F-4FA1-9451-70BBCA4AE740}.Debug|Any CPU.ActiveCfg = Debug|Any CPU
		{7777D38C-008F-4FA1-9451-70BBCA4AE740}.Debug|Any CPU.Build.0 = Debug|Any CPU
		{7777D38C-008F-4FA1-9451-70BBCA4AE740}.Release|Any CPU.ActiveCfg = Release|Any CPU
		{7777D38C-008F-4FA1-9451-70BBCA4AE740}.Release|Any CPU.Build.0 = Release|Any CPU
		{767D8821-26B4-4A4E-87F3-126083EF8F6A}.Debug|Any CPU.ActiveCfg = Debug|Any CPU
		{767D8821-26B4-4A4E-87F3-126083EF8F6A}.Debug|Any CPU.Build.0 = Debug|Any CPU
		{767D8821-26B4-4A4E-87F3-126083EF8F6A}.Release|Any CPU.ActiveCfg = Release|Any CPU
		{767D8821-26B4-4A4E-87F3-126083EF8F6A}.Release|Any CPU.Build.0 = Release|Any CPU
	EndGlobalSection
	GlobalSection(SolutionProperties) = preSolution
		HideSolutionNode = FALSE
	EndGlobalSection
	GlobalSection(ExtensibilityGlobals) = postSolution
		SolutionGuid = {75B9A474-A6EB-4542-9F32-20AA2301EC22}
	EndGlobalSection
EndGlobal
